// !$*UTF8*$!
{
	archiveVersion = 1;
	classes = {
	};
	objectVersion = 46;
	objects = {

/* Begin PBXBuildFile section */
		041A8FEA1DBF343D004AA897 /* CustomView.m in Sources */ = {isa = PBXBuildFile; fileRef = 041A8FE91DBF343D004AA897 /* CustomView.m */; };
		046BD4591DB8DA0600FFECC9 /* main.m in Sources */ = {isa = PBXBuildFile; fileRef = 046BD4581DB8DA0600FFECC9 /* main.m */; };
		046BD45C1DB8DA0600FFECC9 /* AppDelegate.m in Sources */ = {isa = PBXBuildFile; fileRef = 046BD45B1DB8DA0600FFECC9 /* AppDelegate.m */; };
		046BD45F1DB8DA0600FFECC9 /* ViewController.m in Sources */ = {isa = PBXBuildFile; fileRef = 046BD45E1DB8DA0600FFECC9 /* ViewController.m */; };
		046BD4621DB8DA0600FFECC9 /* Main.storyboard in Resources */ = {isa = PBXBuildFile; fileRef = 046BD4601DB8DA0600FFECC9 /* Main.storyboard */; };
		046BD4641DB8DA0600FFECC9 /* Assets.xcassets in Resources */ = {isa = PBXBuildFile; fileRef = 046BD4631DB8DA0600FFECC9 /* Assets.xcassets */; };
		046BD4671DB8DA0600FFECC9 /* LaunchScreen.storyboard in Resources */ = {isa = PBXBuildFile; fileRef = 046BD4651DB8DA0600FFECC9 /* LaunchScreen.storyboard */; };
		046BD4701DB8DE0D00FFECC9 /* TableViewCell.m in Sources */ = {isa = PBXBuildFile; fileRef = 046BD46F1DB8DE0D00FFECC9 /* TableViewCell.m */; };
/* End PBXBuildFile section */

/* Begin PBXFileReference section */
		041A8FE81DBF343D004AA897 /* CustomView.h */ = {isa = PBXFileReference; fileEncoding = 4; lastKnownFileType = sourcecode.c.h; name = CustomView.h; path = Views/CustomView.h; sourceTree = "<group>"; };
		041A8FE91DBF343D004AA897 /* CustomView.m */ = {isa = PBXFileReference; fileEncoding = 4; lastKnownFileType = sourcecode.c.objc; name = CustomView.m; path = Views/CustomView.m; sourceTree = "<group>"; };
		046BD4541DB8DA0600FFECC9 /* Objective-C Test.app */ = {isa = PBXFileReference; explicitFileType = wrapper.application; includeInIndex = 0; path = "Objective-C Test.app"; sourceTree = BUILT_PRODUCTS_DIR; };
		046BD4581DB8DA0600FFECC9 /* main.m */ = {isa = PBXFileReference; lastKnownFileType = sourcecode.c.objc; path = main.m; sourceTree = "<group>"; };
		046BD45A1DB8DA0600FFECC9 /* AppDelegate.h */ = {isa = PBXFileReference; lastKnownFileType = sourcecode.c.h; path = AppDelegate.h; sourceTree = "<group>"; };
		046BD45B1DB8DA0600FFECC9 /* AppDelegate.m */ = {isa = PBXFileReference; lastKnownFileType = sourcecode.c.objc; path = AppDelegate.m; sourceTree = "<group>"; };
		046BD45D1DB8DA0600FFECC9 /* ViewController.h */ = {isa = PBXFileReference; lastKnownFileType = sourcecode.c.h; path = ViewController.h; sourceTree = "<group>"; };
		046BD45E1DB8DA0600FFECC9 /* ViewController.m */ = {isa = PBXFileReference; lastKnownFileType = sourcecode.c.objc; path = ViewController.m; sourceTree = "<group>"; };
		046BD4611DB8DA0600FFECC9 /* Base */ = {isa = PBXFileReference; lastKnownFileType = file.storyboard; name = Base; path = Base.lproj/Main.storyboard; sourceTree = "<group>"; };
		046BD4631DB8DA0600FFECC9 /* Assets.xcassets */ = {isa = PBXFileReference; lastKnownFileType = folder.assetcatalog; path = Assets.xcassets; sourceTree = "<group>"; };
		046BD4661DB8DA0600FFECC9 /* Base */ = {isa = PBXFileReference; lastKnownFileType = file.storyboard; name = Base; path = Base.lproj/LaunchScreen.storyboard; sourceTree = "<group>"; };
		046BD4681DB8DA0600FFECC9 /* Info.plist */ = {isa = PBXFileReference; lastKnownFileType = text.plist.xml; path = Info.plist; sourceTree = "<group>"; };
		046BD46E1DB8DE0D00FFECC9 /* TableViewCell.h */ = {isa = PBXFileReference; fileEncoding = 4; lastKnownFileType = sourcecode.c.h; path = TableViewCell.h; sourceTree = "<group>"; };
		046BD46F1DB8DE0D00FFECC9 /* TableViewCell.m */ = {isa = PBXFileReference; fileEncoding = 4; lastKnownFileType = sourcecode.c.objc; path = TableViewCell.m; sourceTree = "<group>"; };
/* End PBXFileReference section */

/* Begin PBXFrameworksBuildPhase section */
		046BD4511DB8DA0600FFECC9 /* Frameworks */ = {
			isa = PBXFrameworksBuildPhase;
			buildActionMask = 2147483647;
			files = (
			);
			runOnlyForDeploymentPostprocessing = 0;
		};
/* End PBXFrameworksBuildPhase section */

/* Begin PBXGroup section */
		041A8FE71DBF341D004AA897 /* Views */ = {
			isa = PBXGroup;
			children = (
				041A8FE81DBF343D004AA897 /* CustomView.h */,
				041A8FE91DBF343D004AA897 /* CustomView.m */,
			);
			name = Views;
			sourceTree = "<group>";
		};
		046BD44B1DB8DA0600FFECC9 = {
			isa = PBXGroup;
			children = (
				046BD4561DB8DA0600FFECC9 /* Objective-C Test */,
				046BD4551DB8DA0600FFECC9 /* Products */,
			);
			sourceTree = "<group>";
		};
		046BD4551DB8DA0600FFECC9 /* Products */ = {
			isa = PBXGroup;
			children = (
				046BD4541DB8DA0600FFECC9 /* Objective-C Test.app */,
			);
			name = Products;
			sourceTree = "<group>";
		};
		046BD4561DB8DA0600FFECC9 /* Objective-C Test */ = {
			isa = PBXGroup;
			children = (
				046BD45A1DB8DA0600FFECC9 /* AppDelegate.h */,
				046BD45B1DB8DA0600FFECC9 /* AppDelegate.m */,
				041A8FE71DBF341D004AA897 /* Views */,
				046BD45D1DB8DA0600FFECC9 /* ViewController.h */,
				046BD45E1DB8DA0600FFECC9 /* ViewController.m */,
				046BD4601DB8DA0600FFECC9 /* Main.storyboard */,
				046BD4631DB8DA0600FFECC9 /* Assets.xcassets */,
				046BD4651DB8DA0600FFECC9 /* LaunchScreen.storyboard */,
				046BD4681DB8DA0600FFECC9 /* Info.plist */,
				046BD4571DB8DA0600FFECC9 /* Supporting Files */,
				046BD46E1DB8DE0D00FFECC9 /* TableViewCell.h */,
				046BD46F1DB8DE0D00FFECC9 /* TableViewCell.m */,
			);
			path = "Objective-C Test";
			sourceTree = "<group>";
		};
		046BD4571DB8DA0600FFECC9 /* Supporting Files */ = {
			isa = PBXGroup;
			children = (
				046BD4581DB8DA0600FFECC9 /* main.m */,
			);
			name = "Supporting Files";
			sourceTree = "<group>";
		};
/* End PBXGroup section */

/* Begin PBXNativeTarget section */
		046BD4531DB8DA0600FFECC9 /* Objective-C Test */ = {
			isa = PBXNativeTarget;
			buildConfigurationList = 046BD46B1DB8DA0600FFECC9 /* Build configuration list for PBXNativeTarget "Objective-C Test" */;
			buildPhases = (
				046BD4501DB8DA0600FFECC9 /* Sources */,
				046BD4511DB8DA0600FFECC9 /* Frameworks */,
				046BD4521DB8DA0600FFECC9 /* Resources */,
			);
			buildRules = (
			);
			dependencies = (
			);
			name = "Objective-C Test";
			productName = "Objective-C Test";
			productReference = 046BD4541DB8DA0600FFECC9 /* Objective-C Test.app */;
			productType = "com.apple.product-type.application";
		};
/* End PBXNativeTarget section */

/* Begin PBXProject section */
		046BD44C1DB8DA0600FFECC9 /* Project object */ = {
			isa = PBXProject;
			attributes = {
				LastUpgradeCheck = 0800;
				ORGANIZATIONNAME = "AM Co.";
				TargetAttributes = {
					046BD4531DB8DA0600FFECC9 = {
						CreatedOnToolsVersion = 8.0;
						ProvisioningStyle = Automatic;
					};
				};
			};
			buildConfigurationList = 046BD44F1DB8DA0600FFECC9 /* Build configuration list for PBXProject "Objective-C Test" */;
			compatibilityVersion = "Xcode 3.2";
			developmentRegion = English;
			hasScannedForEncodings = 0;
			knownRegions = (
				en,
				Base,
			);
			mainGroup = 046BD44B1DB8DA0600FFECC9;
			productRefGroup = 046BD4551DB8DA0600FFECC9 /* Products */;
			projectDirPath = "";
			projectRoot = "";
			targets = (
				046BD4531DB8DA0600FFECC9 /* Objective-C Test */,
			);
		};
/* End PBXProject section */

/* Begin PBXResourcesBuildPhase section */
		046BD4521DB8DA0600FFECC9 /* Resources */ = {
			isa = PBXResourcesBuildPhase;
			buildActionMask = 2147483647;
			files = (
				046BD4671DB8DA0600FFECC9 /* LaunchScreen.storyboard in Resources */,
				046BD4641DB8DA0600FFECC9 /* Assets.xcassets in Resources */,
				046BD4621DB8DA0600FFECC9 /* Main.storyboard in Resources */,
			);
			runOnlyForDeploymentPostprocessing = 0;
		};
/* End PBXResourcesBuildPhase section */

/* Begin PBXSourcesBuildPhase section */
		046BD4501DB8DA0600FFECC9 /* Sources */ = {
			isa = PBXSourcesBuildPhase;
			buildActionMask = 2147483647;
			files = (
				041A8FEA1DBF343D004AA897 /* CustomView.m in Sources */,
				046BD45F1DB8DA0600FFECC9 /* ViewController.m in Sources */,
				046BD4701DB8DE0D00FFECC9 /* TableViewCell.m in Sources */,
				046BD45C1DB8DA0600FFECC9 /* AppDelegate.m in Sources */,
				046BD4591DB8DA0600FFECC9 /* main.m in Sources */,
			);
			runOnlyForDeploymentPostprocessing = 0;
		};
/* End PBXSourcesBuildPhase section */

/* Begin PBXVariantGroup section */
		046BD4601DB8DA0600FFECC9 /* Main.storyboard */ = {
			isa = PBXVariantGroup;
			children = (
				046BD4611DB8DA0600FFECC9 /* Base */,
			);
			name = Main.storyboard;
			sourceTree = "<group>";
		};
		046BD4651DB8DA0600FFECC9 /* LaunchScreen.storyboard */ = {
			isa = PBXVariantGroup;
			children = (
				046BD4661DB8DA0600FFECC9 /* Base */,
			);
			name = LaunchScreen.storyboard;
			sourceTree = "<group>";
		};
/* End PBXVariantGroup section */

/* Begin XCBuildConfiguration section */
		046BD4691DB8DA0600FFECC9 /* Debug */ = {
			isa = XCBuildConfiguration;
			buildSettings = {
				ALWAYS_SEARCH_USER_PATHS = NO;
				CLANG_ANALYZER_NONNULL = YES;
				CLANG_CXX_LANGUAGE_STANDARD = "gnu++0x";
				CLANG_CXX_LIBRARY = "libc++";
				CLANG_ENABLE_MODULES = YES;
				CLANG_ENABLE_OBJC_ARC = YES;
				CLANG_WARN_BOOL_CONVERSION = YES;
				CLANG_WARN_CONSTANT_CONVERSION = YES;
				CLANG_WARN_DIRECT_OBJC_ISA_USAGE = YES_ERROR;
				CLANG_WARN_DOCUMENTATION_COMMENTS = YES;
				CLANG_WARN_EMPTY_BODY = YES;
				CLANG_WARN_ENUM_CONVERSION = YES;
				CLANG_WARN_INFINITE_RECURSION = YES;
				CLANG_WARN_INT_CONVERSION = YES;
				CLANG_WARN_OBJC_ROOT_CLASS = YES_ERROR;
				CLANG_WARN_SUSPICIOUS_MOVES = YES;
				CLANG_WARN_UNREACHABLE_CODE = YES;
				CLANG_WARN__DUPLICATE_METHOD_MATCH = YES;
				"CODE_SIGN_IDENTITY[sdk=iphoneos*]" = "iPhone Developer";
				COPY_PHASE_STRIP = NO;
				DEBUG_INFORMATION_FORMAT = dwarf;
				ENABLE_STRICT_OBJC_MSGSEND = YES;
				ENABLE_TESTABILITY = YES;
				GCC_C_LANGUAGE_STANDARD = gnu99;
				GCC_DYNAMIC_NO_PIC = NO;
				GCC_NO_COMMON_BLOCKS = YES;
				GCC_OPTIMIZATION_LEVEL = 0;
				GCC_PREPROCESSOR_DEFINITIONS = (
					"DEBUG=1",
					"$(inherited)",
				);
				GCC_WARN_64_TO_32_BIT_CONVERSION = YES;
				GCC_WARN_ABOUT_RETURN_TYPE = YES_ERROR;
				GCC_WARN_UNDECLARED_SELECTOR = YES;
				GCC_WARN_UNINITIALIZED_AUTOS = YES_AGGRESSIVE;
				GCC_WARN_UNUSED_FUNCTION = YES;
				GCC_WARN_UNUSED_VARIABLE = YES;
				IPHONEOS_DEPLOYMENT_TARGET = 10.0;
				MTL_ENABLE_DEBUG_INFO = YES;
				ONLY_ACTIVE_ARCH = YES;
				SDKROOT = iphoneos;
				TARGETED_DEVICE_FAMILY = "1,2";
			};
			name = Debug;
		};
		046BD46A1DB8DA0600FFECC9 /* Release */ = {
			isa = XCBuildConfiguration;
			buildSettings = {
				ALWAYS_SEARCH_USER_PATHS = NO;
				CLANG_ANALYZER_NONNULL = YES;
				CLANG_CXX_LANGUAGE_STANDARD = "gnu++0x";
				CLANG_CXX_LIBRARY = "libc++";
				CLANG_ENABLE_MODULES = YES;
				CLANG_ENABLE_OBJC_ARC = YES;
				CLANG_WARN_BOOL_CONVERSION = YES;
				CLANG_WARN_CONSTANT_CONVERSION = YES;
				CLANG_WARN_DIRECT_OBJC_ISA_USAGE = YES_ERROR;
				CLANG_WARN_DOCUMENTATION_COMMENTS = YES;
				CLANG_WARN_EMPTY_BODY = YES;
				CLANG_WARN_ENUM_CONVERSION = YES;
				CLANG_WARN_INFINITE_RECURSION = YES;
				CLANG_WARN_INT_CONVERSION = YES;
				CLANG_WARN_OBJC_ROOT_CLASS = YES_ERROR;
				CLANG_WARN_SUSPICIOUS_MOVES = YES;
				CLANG_WARN_UNREACHABLE_CODE = YES;
				CLANG_WARN__DUPLICATE_METHOD_MATCH = YES;
				"CODE_SIGN_IDENTITY[sdk=iphoneos*]" = "iPhone Developer";
				COPY_PHASE_STRIP = NO;
				DEBUG_INFORMATION_FORMAT = "dwarf-with-dsym";
				ENABLE_NS_ASSERTIONS = NO;
				ENABLE_STRICT_OBJC_MSGSEND = YES;
				GCC_C_LANGUAGE_STANDARD = gnu99;
				GCC_NO_COMMON_BLOCKS = YES;
				GCC_WARN_64_TO_32_BIT_CONVERSION = YES;
				GCC_WARN_ABOUT_RETURN_TYPE = YES_ERROR;
				GCC_WARN_UNDECLARED_SELECTOR = YES;
				GCC_WARN_UNINITIALIZED_AUTOS = YES_AGGRESSIVE;
				GCC_WARN_UNUSED_FUNCTION = YES;
				GCC_WARN_UNUSED_VARIABLE = YES;
				IPHONEOS_DEPLOYMENT_TARGET = 10.0;
				MTL_ENABLE_DEBUG_INFO = NO;
				SDKROOT = iphoneos;
				TARGETED_DEVICE_FAMILY = "1,2";
				VALIDATE_PRODUCT = YES;
			};
			name = Release;
		};
		046BD46C1DB8DA0600FFECC9 /* Debug */ = {
			isa = XCBuildConfiguration;
			buildSettings = {
				ASSETCATALOG_COMPILER_APPICON_NAME = AppIcon;
				INFOPLIST_FILE = "Objective-C Test/Info.plist";
				LD_RUNPATH_SEARCH_PATHS = "$(inherited) @executable_path/Frameworks";
				PRODUCT_BUNDLE_IDENTIFIER = "com.adeel.Objective-C-Test";
				PRODUCT_NAME = "$(TARGET_NAME)";
			};
			name = Debug;
		};
		046BD46D1DB8DA0600FFECC9 /* Release */ = {
			isa = XCBuildConfiguration;
			buildSettings = {
				ASSETCATALOG_COMPILER_APPICON_NAME = AppIcon;
				INFOPLIST_FILE = "Objective-C Test/Info.plist";
				LD_RUNPATH_SEARCH_PATHS = "$(inherited) @executable_path/Frameworks";
				PRODUCT_BUNDLE_IDENTIFIER = "com.adeel.Objective-C-Test";
				PRODUCT_NAME = "$(TARGET_NAME)";
			};
			name = Release;
		};
/* End XCBuildConfiguration section */

/* Begin XCConfigurationList section */
		046BD44F1DB8DA0600FFECC9 /* Build configuration list for PBXProject "Objective-C Test" */ = {
			isa = XCConfigurationList;
			buildConfigurations = (
				046BD4691DB8DA0600FFECC9 /* Debug */,
				046BD46A1DB8DA0600FFECC9 /* Release */,
			);
			defaultConfigurationIsVisible = 0;
			defaultConfigurationName = Release;
		};
		046BD46B1DB8DA0600FFECC9 /* Build configuration list for PBXNativeTarget "Objective-C Test" */ = {
			isa = XCConfigurationList;
			buildConfigurations = (
				046BD46C1DB8DA0600FFECC9 /* Debug */,
				046BD46D1DB8DA0600FFECC9 /* Release */,
			);
			defaultConfigurationIsVisible = 0;
			defaultConfigurationName = Release;
		};
/* End XCConfigurationList section */
	};
	rootObject = 046BD44C1DB8DA0600FFECC9 /* Project object */;
}
